
Microsoft Visual Studio Solution File, Format Version 12.00
# Visual Studio 15
VisualStudioVersion = 15.0.27428.2015
MinimumVisualStudioVersion = 10.0.40219.1
Project("{FAE04EC0-301F-11D3-BF4B-00C04F79EFBC}") = "CaycimApi", "CaycimApi\CaycimApi.csproj", "{32CC339F-ED02-4B90-8B3C-C6142C2516FC}"
EndProject
Global
	GlobalSection(SolutionConfigurationPlatforms) = preSolution
		Debug|Any CPU = Debug|Any CPU
		Release|Any CPU = Release|Any CPU
	EndGlobalSection
	GlobalSection(ProjectConfigurationPlatforms) = postSolution
		{32CC339F-ED02-4B90-8B3C-C6142C2516FC}.Debug|Any CPU.ActiveCfg = Debug|Any CPU
		{32CC339F-ED02-4B90-8B3C-C6142C2516FC}.Debug|Any CPU.Build.0 = Debug|Any CPU
		{32CC339F-ED02-4B90-8B3C-C6142C2516FC}.Release|Any CPU.ActiveCfg = Release|Any CPU
		{32CC339F-ED02-4B90-8B3C-C6142C2516FC}.Release|Any CPU.Build.0 = Release|Any CPU
	EndGlobalSection
	GlobalSection(SolutionProperties) = preSolution
		HideSolutionNode = FALSE
	EndGlobalSection
	GlobalSection(ExtensibilityGlobals) = postSolution
		SolutionGuid = {1A1B848D-46DA-491E-8200-E3907EFD8074}
	EndGlobalSection
EndGlobal
